
Microsoft Visual Studio Solution File, Format Version 12.00
# Visual Studio 2013
VisualStudioVersion = 12.0.40629.0
MinimumVisualStudioVersion = 10.0.40219.1
Project("{FAE04EC0-301F-11D3-BF4B-00C04F79EFBC}") = "SampleForm", "SampleForm\SampleForm.csproj", "{0CDF7DF0-E8CB-48CF-BC7B-B09924A38CD2}"
EndProject
Project("{FAE04EC0-301F-11D3-BF4B-00C04F79EFBC}") = "RoundRectContainerControl", "RoundRectContainerControl\RoundRectContainerControl.csproj", "{979D8002-AA6B-4E83-895F-5EBF861429B7}"
EndProject
Global
	GlobalSection(SolutionConfigurationPlatforms) = preSolution
		Debug|Any CPU = Debug|Any CPU
		Release|Any CPU = Release|Any CPU
	EndGlobalSection
	GlobalSection(ProjectConfigurationPlatforms) = postSolution
		{0CDF7DF0-E8CB-48CF-BC7B-B09924A38CD2}.Debug|Any CPU.ActiveCfg = Debug|Any CPU
		{0CDF7DF0-E8CB-48CF-BC7B-B09924A38CD2}.Debug|Any CPU.Build.0 = Debug|Any CPU
		{0CDF7DF0-E8CB-48CF-BC7B-B09924A38CD2}.Release|Any CPU.ActiveCfg = Release|Any CPU
		{0CDF7DF0-E8CB-48CF-BC7B-B09924A38CD2}.Release|Any CPU.Build.0 = Release|Any CPU
		{979D8002-AA6B-4E83-895F-5EBF861429B7}.Debug|Any CPU.ActiveCfg = Debug|Any CPU
		{979D8002-AA6B-4E83-895F-5EBF861429B7}.Debug|Any CPU.Build.0 = Debug|Any CPU
		{979D8002-AA6B-4E83-895F-5EBF861429B7}.Release|Any CPU.ActiveCfg = Release|Any CPU
		{979D8002-AA6B-4E83-895F-5EBF861429B7}.Release|Any CPU.Build.0 = Release|Any CPU
	EndGlobalSection
	GlobalSection(SolutionProperties) = preSolution
		HideSolutionNode = FALSE
	EndGlobalSection
EndGlobal
